# generated by rye
# use `rye lock` or `rye sync` to update this lockfile
#
# last locked with the following flags:
#   pre: false
#   features: []
#   all-features: true
#   with-sources: false
#   generate-hashes: false
#   universal: false

-e file:.
ag-ui-protocol==0.1.8
    # via pydantic-ai-slim
aiohappyeyeballs==2.6.1
    # via aiohttp
aiohttp==3.12.15
    # via gentrace-py
    # via httpx-aiohttp
    # via huggingface-hub
aiosignal==1.4.0
    # via aiohttp
annotated-types==0.7.0
    # via pydantic
anthropic==0.64.0
    # via gentrace-py
    # via pydantic-ai-slim
anyio==4.10.0
    # via anthropic
    # via gentrace-py
    # via google-genai
    # via groq
    # via httpx
    # via openai
    # via pydantic-evals
    # via starlette
argcomplete==3.6.2
    # via pydantic-ai-slim
async-timeout==5.0.1
    # via aiohttp
attrs==25.3.0
    # via aiohttp
boto3==1.40.15
    # via pydantic-ai-slim
botocore==1.40.15
    # via boto3
    # via s3transfer
cachetools==5.5.2
    # via google-auth
certifi==2025.8.3
    # via httpcore
    # via httpx
    # via requests
charset-normalizer==3.4.3
    # via requests
cohere==5.17.0
    # via pydantic-ai-slim
colorama==0.4.6
    # via griffe
distro==1.9.0
    # via anthropic
    # via gentrace-py
    # via groq
    # via openai
eval-type-backport==0.2.2
    # via genai-prices
    # via mistralai
    # via openinference-instrumentation-openai-agents
    # via pydantic-ai-slim
    # via pydantic-evals
exceptiongroup==1.3.0
    # via anyio
    # via pydantic-ai-slim
fastavro==1.12.0
    # via cohere
filelock==3.19.1
    # via huggingface-hub
frozenlist==1.7.0
    # via aiohttp
    # via aiosignal
fsspec==2025.7.0
    # via huggingface-hub
genai-prices==0.0.23
    # via pydantic-ai-slim
google-auth==2.40.3
    # via google-genai
    # via pydantic-ai-slim
google-genai==1.31.0
    # via pydantic-ai-slim
googleapis-common-protos==1.70.0
    # via opentelemetry-exporter-otlp-proto-http
griffe==1.12.1
    # via openai-agents
    # via pydantic-ai-slim
groq==0.31.0
    # via pydantic-ai-slim
h11==0.16.0
    # via httpcore
hf-xet==1.1.8
    # via huggingface-hub
httpcore==1.0.9
    # via httpx
httpx==0.28.1
    # via anthropic
    # via cohere
    # via genai-prices
    # via gentrace-py
    # via google-genai
    # via groq
    # via httpx-aiohttp
    # via langsmith
    # via mistralai
    # via openai
    # via pydantic-ai-slim
    # via pydantic-graph
httpx-aiohttp==0.1.8
    # via gentrace-py
httpx-sse==0.4.0
    # via cohere
huggingface-hub==0.34.4
    # via pydantic-ai-slim
    # via tokenizers
idna==3.10
    # via anyio
    # via httpx
    # via requests
    # via yarl
importlib-metadata==8.7.0
    # via opentelemetry-api
invoke==2.2.0
    # via mistralai
jiter==0.10.0
    # via anthropic
    # via openai
jmespath==1.0.1
    # via boto3
    # via botocore
jsonpatch==1.33
    # via langchain-core
jsonpointer==3.0.0
    # via jsonpatch
langchain-core==0.3.74
    # via gentrace-py
langsmith==0.4.16
    # via langchain-core
logfire-api==4.3.5
    # via pydantic-evals
    # via pydantic-graph
markdown-it-py==3.0.0
    # via rich
mdurl==0.1.2
    # via markdown-it-py
mistralai==1.9.7
    # via pydantic-ai-slim
multidict==6.6.4
    # via aiohttp
    # via yarl
nexus-rpc==1.1.0
    # via temporalio
openai==1.101.0
    # via gentrace-py
    # via openai-agents
    # via pydantic-ai-slim
openai-agents==0.2.9
    # via gentrace-py
openinference-instrumentation==0.1.37
    # via openinference-instrumentation-langchain
    # via openinference-instrumentation-openai
    # via openinference-instrumentation-openai-agents
openinference-instrumentation-langchain==0.1.50
    # via gentrace-py
openinference-instrumentation-openai==0.1.31
    # via gentrace-py
openinference-instrumentation-openai-agents==1.2.0
    # via gentrace-py
openinference-semantic-conventions==0.1.21
    # via openinference-instrumentation
    # via openinference-instrumentation-langchain
    # via openinference-instrumentation-openai
    # via openinference-instrumentation-openai-agents
opentelemetry-api==1.36.0
    # via openinference-instrumentation
    # via openinference-instrumentation-langchain
    # via openinference-instrumentation-openai
    # via openinference-instrumentation-openai-agents
    # via opentelemetry-exporter-otlp-proto-http
    # via opentelemetry-instrumentation
    # via opentelemetry-processor-baggage
    # via opentelemetry-sdk
    # via opentelemetry-semantic-conventions
    # via pydantic-ai-slim
opentelemetry-exporter-otlp-proto-common==1.36.0
    # via opentelemetry-exporter-otlp-proto-http
opentelemetry-exporter-otlp-proto-http==1.36.0
    # via gentrace-py
opentelemetry-instrumentation==0.57b0
    # via gentrace-py
    # via openinference-instrumentation-langchain
    # via openinference-instrumentation-openai
    # via openinference-instrumentation-openai-agents
opentelemetry-processor-baggage==0.57b0
    # via gentrace-py
opentelemetry-proto==1.36.0
    # via opentelemetry-exporter-otlp-proto-common
    # via opentelemetry-exporter-otlp-proto-http
opentelemetry-sdk==1.36.0
    # via gentrace-py
    # via openinference-instrumentation
    # via opentelemetry-exporter-otlp-proto-http
    # via opentelemetry-processor-baggage
opentelemetry-semantic-conventions==0.57b0
    # via openinference-instrumentation-langchain
    # via openinference-instrumentation-openai
    # via openinference-instrumentation-openai-agents
    # via opentelemetry-instrumentation
    # via opentelemetry-sdk
orjson==3.11.2
    # via langsmith
packaging==25.0
    # via huggingface-hub
    # via langchain-core
    # via langsmith
    # via opentelemetry-instrumentation
prompt-toolkit==3.0.51
    # via pydantic-ai-slim
propcache==0.3.2
    # via aiohttp
    # via yarl
protobuf==5.29.5
    # via googleapis-common-protos
    # via opentelemetry-proto
    # via temporalio
pyasn1==0.6.1
    # via pyasn1-modules
    # via rsa
pyasn1-modules==0.4.2
    # via google-auth
pydantic==2.11.7
    # via ag-ui-protocol
    # via anthropic
    # via cohere
    # via genai-prices
    # via gentrace-py
    # via google-genai
    # via groq
    # via langchain-core
    # via langsmith
    # via mistralai
    # via openai
    # via openai-agents
    # via pydantic-ai-slim
    # via pydantic-evals
    # via pydantic-graph
pydantic-ai==0.7.4
    # via gentrace-py
pydantic-ai-slim==0.7.4
    # via pydantic-ai
    # via pydantic-evals
pydantic-core==2.33.2
    # via cohere
    # via pydantic
pydantic-evals==0.7.4
    # via pydantic-ai-slim
pydantic-graph==0.7.4
    # via pydantic-ai-slim
pygments==2.19.2
    # via rich
pyperclip==1.9.0
    # via pydantic-ai-slim
python-dateutil==2.9.0.post0
    # via botocore
    # via mistralai
    # via temporalio
pyyaml==6.0.2
    # via huggingface-hub
    # via langchain-core
    # via mistralai
    # via pydantic-evals
requests==2.32.5
    # via cohere
    # via google-genai
    # via huggingface-hub
    # via langsmith
    # via openai-agents
    # via opentelemetry-exporter-otlp-proto-http
    # via pydantic-ai-slim
    # via requests-toolbelt
requests-toolbelt==1.0.0
    # via langsmith
rich==14.1.0
    # via gentrace-py
    # via pydantic-ai-slim
    # via pydantic-evals
rsa==4.9.1
    # via google-auth
s3transfer==0.13.1
    # via boto3
six==1.17.0
    # via python-dateutil
sniffio==1.3.1
    # via anthropic
    # via anyio
    # via gentrace-py
    # via groq
    # via openai
starlette==0.47.2
    # via pydantic-ai-slim
temporalio==1.15.0
    # via pydantic-ai-slim
tenacity==9.1.2
    # via google-genai
    # via langchain-core
    # via pydantic-ai-slim
tokenizers==0.21.4
    # via cohere
tomli==2.2.1
    # via gentrace-py
tqdm==4.67.1
    # via huggingface-hub
    # via openai
types-protobuf==6.30.2.20250822
    # via temporalio
types-requests==2.31.0.6
    # via cohere
    # via openai-agents
types-urllib3==1.26.25.14
    # via types-requests
typing-extensions==4.14.1
    # via aiosignal
    # via anthropic
    # via anyio
    # via cohere
    # via exceptiongroup
    # via gentrace-py
    # via google-genai
    # via groq
    # via huggingface-hub
    # via langchain-core
    # via multidict
    # via nexus-rpc
    # via openai
    # via openai-agents
    # via openinference-instrumentation-openai
    # via openinference-instrumentation-openai-agents
    # via opentelemetry-api
    # via opentelemetry-exporter-otlp-proto-http
    # via opentelemetry-sdk
    # via opentelemetry-semantic-conventions
    # via pydantic
    # via pydantic-core
    # via starlette
    # via temporalio
    # via typing-inspection
typing-inspection==0.4.1
    # via mistralai
    # via pydantic
    # via pydantic-ai-slim
    # via pydantic-graph
urllib3==1.26.20
    # via botocore
    # via requests
wcwidth==0.2.13
    # via prompt-toolkit
websockets==15.0.1
    # via google-genai
wrapt==1.17.3
    # via openinference-instrumentation-langchain
    # via openinference-instrumentation-openai
    # via openinference-instrumentation-openai-agents
    # via opentelemetry-instrumentation
    # via opentelemetry-processor-baggage
yarl==1.20.1
    # via aiohttp
zipp==3.23.0
    # via importlib-metadata
zstandard==0.24.0
    # via langsmith
